
Microsoft Visual Studio Solution File, Format Version 12.00
# Visual Studio Version 17
VisualStudioVersion = 17.14.36109.1 d17.14
MinimumVisualStudioVersion = 10.0.40219.1
Project("{FAE04EC0-301F-11D3-BF4B-00C04F79EFBC}") = "tnki_accesslog_fetcher", "tnki_accesslog_fetcher.csproj", "{FA4E4966-C3B6-4F8F-8989-E42AF6F5CAC5}"
EndProject
Global
	GlobalSection(SolutionConfigurationPlatforms) = preSolution
		Debug|Any CPU = Debug|Any CPU
		Release|Any CPU = Release|Any CPU
	EndGlobalSection
	GlobalSection(ProjectConfigurationPlatforms) = postSolution
		{FA4E4966-C3B6-4F8F-8989-E42AF6F5CAC5}.Debug|Any CPU.ActiveCfg = Debug|Any CPU
		{FA4E4966-C3B6-4F8F-8989-E42AF6F5CAC5}.Debug|Any CPU.Build.0 = Debug|Any CPU
		{FA4E4966-C3B6-4F8F-8989-E42AF6F5CAC5}.Release|Any CPU.ActiveCfg = Release|Any CPU
		{FA4E4966-C3B6-4F8F-8989-E42AF6F5CAC5}.Release|Any CPU.Build.0 = Release|Any CPU
	EndGlobalSection
	GlobalSection(SolutionProperties) = preSolution
		HideSolutionNode = FALSE
	EndGlobalSection
	GlobalSection(ExtensibilityGlobals) = postSolution
		SolutionGuid = {79AE82C6-4950-48F0-991C-232381950811}
	EndGlobalSection
EndGlobal
